
Microsoft Visual Studio Solution File, Format Version 12.00
# Visual Studio Version 16
VisualStudioVersion = 16.0.29411.108
MinimumVisualStudioVersion = 10.0.40219.1
Project("{888888A0-9F3D-457C-B088-3A5042F75D52}") = "catplotlib", "catplotlib.pyproj", "{0A6E5677-A758-48DC-BB62-057069AC0AB3}"
EndProject
Global
	GlobalSection(SolutionConfigurationPlatforms) = preSolution
		Debug|Any CPU = Debug|Any CPU
		Release|Any CPU = Release|Any CPU
	EndGlobalSection
	GlobalSection(ProjectConfigurationPlatforms) = postSolution
		{0A6E5677-A758-48DC-BB62-057069AC0AB3}.Debug|Any CPU.ActiveCfg = Debug|Any CPU
		{0A6E5677-A758-48DC-BB62-057069AC0AB3}.Release|Any CPU.ActiveCfg = Release|Any CPU
	EndGlobalSection
	GlobalSection(SolutionProperties) = preSolution
		HideSolutionNode = FALSE
	EndGlobalSection
	GlobalSection(ExtensibilityGlobals) = postSolution
		SolutionGuid = {22129E8F-2352-4624-B0DB-6E578098E5E0}
	EndGlobalSection
EndGlobal
